
Microsoft Visual Studio Solution File, Format Version 12.00
# Visual Studio Version 17
VisualStudioVersion = 17.9.34607.119
MinimumVisualStudioVersion = 10.0.40219.1
Project("{F2A71F9B-5D33-465A-A702-920D77279786}") = "SearchNumber", "SearchNumber.fsproj", "{A74CA12C-5B95-4B4A-A6AC-AF71730DF469}"
EndProject
Global
	GlobalSection(SolutionConfigurationPlatforms) = preSolution
		Debug|Any CPU = Debug|Any CPU
		Release|Any CPU = Release|Any CPU
	EndGlobalSection
	GlobalSection(ProjectConfigurationPlatforms) = postSolution
		{A74CA12C-5B95-4B4A-A6AC-AF71730DF469}.Debug|Any CPU.ActiveCfg = Debug|Any CPU
		{A74CA12C-5B95-4B4A-A6AC-AF71730DF469}.Debug|Any CPU.Build.0 = Debug|Any CPU
		{A74CA12C-5B95-4B4A-A6AC-AF71730DF469}.Release|Any CPU.ActiveCfg = Release|Any CPU
		{A74CA12C-5B95-4B4A-A6AC-AF71730DF469}.Release|Any CPU.Build.0 = Release|Any CPU
	EndGlobalSection
	GlobalSection(SolutionProperties) = preSolution
		HideSolutionNode = FALSE
	EndGlobalSection
	GlobalSection(ExtensibilityGlobals) = postSolution
		SolutionGuid = {01DF3F39-B5A6-429F-86ED-1993FDE76C2B}
	EndGlobalSection
EndGlobal
