
Microsoft Visual Studio Solution File, Format Version 12.00
# Visual Studio Version 17
VisualStudioVersion = 17.9.34607.119
MinimumVisualStudioVersion = 10.0.40219.1
Project("{6EC3EE1D-3C4E-46DD-8F32-0CC8E7565705}") = "EvenNumbers", "EvenNumbers.fsproj", "{6D8C8CBC-FBD9-42D8-9813-C7481FC8F535}"
EndProject
Project("{F2A71F9B-5D33-465A-A702-920D77279786}") = "EvenNumbersTests", "..\EvenNumbersTests\EvenNumbersTests.fsproj", "{EA35B5D4-8132-40FE-8802-96FC1F1CA713}"
EndProject
Global
	GlobalSection(SolutionConfigurationPlatforms) = preSolution
		Debug|Any CPU = Debug|Any CPU
		Release|Any CPU = Release|Any CPU
	EndGlobalSection
	GlobalSection(ProjectConfigurationPlatforms) = postSolution
		{6D8C8CBC-FBD9-42D8-9813-C7481FC8F535}.Debug|Any CPU.ActiveCfg = Debug|Any CPU
		{6D8C8CBC-FBD9-42D8-9813-C7481FC8F535}.Debug|Any CPU.Build.0 = Debug|Any CPU
		{6D8C8CBC-FBD9-42D8-9813-C7481FC8F535}.Release|Any CPU.ActiveCfg = Release|Any CPU
		{6D8C8CBC-FBD9-42D8-9813-C7481FC8F535}.Release|Any CPU.Build.0 = Release|Any CPU
		{EA35B5D4-8132-40FE-8802-96FC1F1CA713}.Debug|Any CPU.ActiveCfg = Debug|Any CPU
		{EA35B5D4-8132-40FE-8802-96FC1F1CA713}.Debug|Any CPU.Build.0 = Debug|Any CPU
		{EA35B5D4-8132-40FE-8802-96FC1F1CA713}.Release|Any CPU.ActiveCfg = Release|Any CPU
		{EA35B5D4-8132-40FE-8802-96FC1F1CA713}.Release|Any CPU.Build.0 = Release|Any CPU
	EndGlobalSection
	GlobalSection(SolutionProperties) = preSolution
		HideSolutionNode = FALSE
	EndGlobalSection
	GlobalSection(ExtensibilityGlobals) = postSolution
		SolutionGuid = {4C222320-A2C3-4164-9FF0-54460AEB6F8B}
	EndGlobalSection
EndGlobal
