
Microsoft Visual Studio Solution File, Format Version 12.00
# Visual Studio Version 17
VisualStudioVersion = 17.9.34607.119
MinimumVisualStudioVersion = 10.0.40219.1
Project("{F2A71F9B-5D33-465A-A702-920D77279786}") = "ListConversion", "ListConversion.fsproj", "{B5D25ED7-7F64-47E2-8D0D-23CC4D0B2145}"
EndProject
Global
	GlobalSection(SolutionConfigurationPlatforms) = preSolution
		Debug|Any CPU = Debug|Any CPU
		Release|Any CPU = Release|Any CPU
	EndGlobalSection
	GlobalSection(ProjectConfigurationPlatforms) = postSolution
		{B5D25ED7-7F64-47E2-8D0D-23CC4D0B2145}.Debug|Any CPU.ActiveCfg = Debug|Any CPU
		{B5D25ED7-7F64-47E2-8D0D-23CC4D0B2145}.Debug|Any CPU.Build.0 = Debug|Any CPU
		{B5D25ED7-7F64-47E2-8D0D-23CC4D0B2145}.Release|Any CPU.ActiveCfg = Release|Any CPU
		{B5D25ED7-7F64-47E2-8D0D-23CC4D0B2145}.Release|Any CPU.Build.0 = Release|Any CPU
	EndGlobalSection
	GlobalSection(SolutionProperties) = preSolution
		HideSolutionNode = FALSE
	EndGlobalSection
	GlobalSection(ExtensibilityGlobals) = postSolution
		SolutionGuid = {FF349DEC-5E98-4F28-BD7A-FC5A1F1734CE}
	EndGlobalSection
EndGlobal
