
Microsoft Visual Studio Solution File, Format Version 12.00
# Visual Studio Version 17
VisualStudioVersion = 17.9.34607.119
MinimumVisualStudioVersion = 10.0.40219.1
Project("{F2A71F9B-5D33-465A-A702-920D77279786}") = "PrimeNumbers", "PrimeNumbers.fsproj", "{24C5C885-40EB-4B33-956E-64AFBCA29D2F}"
EndProject
Project("{F2A71F9B-5D33-465A-A702-920D77279786}") = "PrimeNumbersTests", "..\PrimeNumbersTests\PrimeNumbersTests.fsproj", "{7EF1339D-A8A2-470D-B010-7AE2605E4E7A}"
EndProject
Global
	GlobalSection(SolutionConfigurationPlatforms) = preSolution
		Debug|Any CPU = Debug|Any CPU
		Release|Any CPU = Release|Any CPU
	EndGlobalSection
	GlobalSection(ProjectConfigurationPlatforms) = postSolution
		{24C5C885-40EB-4B33-956E-64AFBCA29D2F}.Debug|Any CPU.ActiveCfg = Debug|Any CPU
		{24C5C885-40EB-4B33-956E-64AFBCA29D2F}.Debug|Any CPU.Build.0 = Debug|Any CPU
		{24C5C885-40EB-4B33-956E-64AFBCA29D2F}.Release|Any CPU.ActiveCfg = Release|Any CPU
		{24C5C885-40EB-4B33-956E-64AFBCA29D2F}.Release|Any CPU.Build.0 = Release|Any CPU
		{7EF1339D-A8A2-470D-B010-7AE2605E4E7A}.Debug|Any CPU.ActiveCfg = Debug|Any CPU
		{7EF1339D-A8A2-470D-B010-7AE2605E4E7A}.Debug|Any CPU.Build.0 = Debug|Any CPU
		{7EF1339D-A8A2-470D-B010-7AE2605E4E7A}.Release|Any CPU.ActiveCfg = Release|Any CPU
		{7EF1339D-A8A2-470D-B010-7AE2605E4E7A}.Release|Any CPU.Build.0 = Release|Any CPU
	EndGlobalSection
	GlobalSection(SolutionProperties) = preSolution
		HideSolutionNode = FALSE
	EndGlobalSection
	GlobalSection(ExtensibilityGlobals) = postSolution
		SolutionGuid = {4BDD0FC7-2EEB-4185-B222-8001BF0464FB}
	EndGlobalSection
EndGlobal
